
Microsoft Visual Studio Solution File, Format Version 12.00
# Visual Studio 14
VisualStudioVersion = 14.0.24720.0
MinimumVisualStudioVersion = 10.0.40219.1
Project("{FAE04EC0-301F-11D3-BF4B-00C04F79EFBC}") = "ImageTest.Forms.Droid", "ImageTest.Forms\ImageTest.Forms.Droid\ImageTest.Forms.Droid.csproj", "{B387B5C0-1A43-4ADD-A7A2-1A057F2C9EFA}"
EndProject
Project("{FAE04EC0-301F-11D3-BF4B-00C04F79EFBC}") = "ImageTest.Forms.iOS", "ImageTest.Forms\ImageTest.Forms.iOS\ImageTest.Forms.iOS.csproj", "{A6D7A0A7-AB5E-4D0C-8C3D-29C5F95D388B}"
EndProject
Project("{FAE04EC0-301F-11D3-BF4B-00C04F79EFBC}") = "ImageTest.Forms.UWP", "ImageTest.Forms\ImageTest.Forms.UWP\ImageTest.Forms.UWP.csproj", "{2DE3F173-8627-4059-82BF-8705D990E32F}"
EndProject
Project("{FAE04EC0-301F-11D3-BF4B-00C04F79EFBC}") = "ImageTest.Forms", "ImageTest.Forms\ImageTest.Forms\ImageTest.Forms.csproj", "{E86390FE-2E13-4FEB-A460-111C2106AAB5}"
EndProject
Global
	GlobalSection(SolutionConfigurationPlatforms) = preSolution
		Ad-Hoc|Any CPU = Ad-Hoc|Any CPU
		Ad-Hoc|ARM = Ad-Hoc|ARM
		Ad-Hoc|iPhone = Ad-Hoc|iPhone
		Ad-Hoc|iPhoneSimulator = Ad-Hoc|iPhoneSimulator
		Ad-Hoc|x64 = Ad-Hoc|x64
		Ad-Hoc|x86 = Ad-Hoc|x86
		AppStore|Any CPU = AppStore|Any CPU
		AppStore|ARM = AppStore|ARM
		AppStore|iPhone = AppStore|iPhone
		AppStore|iPhoneSimulator = AppStore|iPhoneSimulator
		AppStore|x64 = AppStore|x64
		AppStore|x86 = AppStore|x86
		Debug|Any CPU = Debug|Any CPU
		Debug|ARM = Debug|ARM
		Debug|iPhone = Debug|iPhone
		Debug|iPhoneSimulator = Debug|iPhoneSimulator
		Debug|x64 = Debug|x64
		Debug|x86 = Debug|x86
		Release|Any CPU = Release|Any CPU
		Release|ARM = Release|ARM
		Release|iPhone = Release|iPhone
		Release|iPhoneSimulator = Release|iPhoneSimulator
		Release|x64 = Release|x64
		Release|x86 = Release|x86
	EndGlobalSection
	GlobalSection(ProjectConfigurationPlatforms) = postSolution
		{B387B5C0-1A43-4ADD-A7A2-1A057F2C9EFA}.Ad-Hoc|Any CPU.ActiveCfg = Release|Any CPU
		{B387B5C0-1A43-4ADD-A7A2-1A057F2C9EFA}.Ad-Hoc|Any CPU.Build.0 = Release|Any CPU
		{B387B5C0-1A43-4ADD-A7A2-1A057F2C9EFA}.Ad-Hoc|Any CPU.Deploy.0 = Release|Any CPU
		{B387B5C0-1A43-4ADD-A7A2-1A057F2C9EFA}.Ad-Hoc|ARM.ActiveCfg = Release|Any CPU
		{B387B5C0-1A43-4ADD-A7A2-1A057F2C9EFA}.Ad-Hoc|ARM.Build.0 = Release|Any CPU
		{B387B5C0-1A43-4ADD-A7A2-1A057F2C9EFA}.Ad-Hoc|ARM.Deploy.0 = Release|Any CPU
		{B387B5C0-1A43-4ADD-A7A2-1A057F2C9EFA}.Ad-Hoc|iPhone.ActiveCfg = Release|Any CPU
		{B387B5C0-1A43-4ADD-A7A2-1A057F2C9EFA}.Ad-Hoc|iPhone.Build.0 = Release|Any CPU
		{B387B5C0-1A43-4ADD-A7A2-1A057F2C9EFA}.Ad-Hoc|iPhone.Deploy.0 = Release|Any CPU
		{B387B5C0-1A43-4ADD-A7A2-1A057F2C9EFA}.Ad-Hoc|iPhoneSimulator.ActiveCfg = Release|Any CPU
		{B387B5C0-1A43-4ADD-A7A2-1A057F2C9EFA}.Ad-Hoc|iPhoneSimulator.Build.0 = Release|Any CPU
		{B387B5C0-1A43-4ADD-A7A2-1A057F2C9EFA}.Ad-Hoc|iPhoneSimulator.Deploy.0 = Release|Any CPU
		{B387B5C0-1A43-4ADD-A7A2-1A057F2C9EFA}.Ad-Hoc|x64.ActiveCfg = Release|Any CPU
		{B387B5C0-1A43-4ADD-A7A2-1A057F2C9EFA}.Ad-Hoc|x64.Build.0 = Release|Any CPU
		{B387B5C0-1A43-4ADD-A7A2-1A057F2C9EFA}.Ad-Hoc|x64.Deploy.0 = Release|Any CPU
		{B387B5C0-1A43-4ADD-A7A2-1A057F2C9EFA}.Ad-Hoc|x86.ActiveCfg = Release|Any CPU
		{B387B5C0-1A43-4ADD-A7A2-1A057F2C9EFA}.Ad-Hoc|x86.Build.0 = Release|Any CPU
		{B387B5C0-1A43-4ADD-A7A2-1A057F2C9EFA}.Ad-Hoc|x86.Deploy.0 = Release|Any CPU
		{B387B5C0-1A43-4ADD-A7A2-1A057F2C9EFA}.AppStore|Any CPU.ActiveCfg = Release|Any CPU
		{B387B5C0-1A43-4ADD-A7A2-1A057F2C9EFA}.AppStore|Any CPU.Build.0 = Release|Any CPU
		{B387B5C0-1A43-4ADD-A7A2-1A057F2C9EFA}.AppStore|Any CPU.Deploy.0 = Release|Any CPU
		{B387B5C0-1A43-4ADD-A7A2-1A057F2C9EFA}.AppStore|ARM.ActiveCfg = Release|Any CPU
		{B387B5C0-1A43-4ADD-A7A2-1A057F2C9EFA}.AppStore|ARM.Build.0 = Release|Any CPU
		{B387B5C0-1A43-4ADD-A7A2-1A057F2C9EFA}.AppStore|ARM.Deploy.0 = Release|Any CPU
		{B387B5C0-1A43-4ADD-A7A2-1A057F2C9EFA}.AppStore|iPhone.ActiveCfg = Release|Any CPU
		{B387B5C0-1A43-4ADD-A7A2-1A057F2C9EFA}.AppStore|iPhone.Build.0 = Release|Any CPU
		{B387B5C0-1A43-4ADD-A7A2-1A057F2C9EFA}.AppStore|iPhone.Deploy.0 = Release|Any CPU
		{B387B5C0-1A43-4ADD-A7A2-1A057F2C9EFA}.AppStore|iPhoneSimulator.ActiveCfg = Release|Any CPU
		{B387B5C0-1A43-4ADD-A7A2-1A057F2C9EFA}.AppStore|iPhoneSimulator.Build.0 = Release|Any CPU
		{B387B5C0-1A43-4ADD-A7A2-1A057F2C9EFA}.AppStore|iPhoneSimulator.Deploy.0 = Release|Any CPU
		{B387B5C0-1A43-4ADD-A7A2-1A057F2C9EFA}.AppStore|x64.ActiveCfg = Release|Any CPU
		{B387B5C0-1A43-4ADD-A7A2-1A057F2C9EFA}.AppStore|x64.Build.0 = Release|Any CPU
		{B387B5C0-1A43-4ADD-A7A2-1A057F2C9EFA}.AppStore|x64.Deploy.0 = Release|Any CPU
		{B387B5C0-1A43-4ADD-A7A2-1A057F2C9EFA}.AppStore|x86.ActiveCfg = Release|Any CPU
		{B387B5C0-1A43-4ADD-A7A2-1A057F2C9EFA}.AppStore|x86.Build.0 = Release|Any CPU
		{B387B5C0-1A43-4ADD-A7A2-1A057F2C9EFA}.AppStore|x86.Deploy.0 = Release|Any CPU
		{B387B5C0-1A43-4ADD-A7A2-1A057F2C9EFA}.Debug|Any CPU.ActiveCfg = Debug|Any CPU
		{B387B5C0-1A43-4ADD-A7A2-1A057F2C9EFA}.Debug|Any CPU.Build.0 = Debug|Any CPU
		{B387B5C0-1A43-4ADD-A7A2-1A057F2C9EFA}.Debug|Any CPU.Deploy.0 = Debug|Any CPU
		{B387B5C0-1A43-4ADD-A7A2-1A057F2C9EFA}.Debug|ARM.ActiveCfg = Debug|Any CPU
		{B387B5C0-1A43-4ADD-A7A2-1A057F2C9EFA}.Debug|ARM.Build.0 = Debug|Any CPU
		{B387B5C0-1A43-4ADD-A7A2-1A057F2C9EFA}.Debug|ARM.Deploy.0 = Debug|Any CPU
		{B387B5C0-1A43-4ADD-A7A2-1A057F2C9EFA}.Debug|iPhone.ActiveCfg = Debug|Any CPU
		{B387B5C0-1A43-4ADD-A7A2-1A057F2C9EFA}.Debug|iPhone.Build.0 = Debug|Any CPU
		{B387B5C0-1A43-4ADD-A7A2-1A057F2C9EFA}.Debug|iPhone.Deploy.0 = Debug|Any CPU
		{B387B5C0-1A43-4ADD-A7A2-1A057F2C9EFA}.Debug|iPhoneSimulator.ActiveCfg = Debug|Any CPU
		{B387B5C0-1A43-4ADD-A7A2-1A057F2C9EFA}.Debug|iPhoneSimulator.Build.0 = Debug|Any CPU
		{B387B5C0-1A43-4ADD-A7A2-1A057F2C9EFA}.Debug|iPhoneSimulator.Deploy.0 = Debug|Any CPU
		{B387B5C0-1A43-4ADD-A7A2-1A057F2C9EFA}.Debug|x64.ActiveCfg = Debug|Any CPU
		{B387B5C0-1A43-4ADD-A7A2-1A057F2C9EFA}.Debug|x64.Build.0 = Debug|Any CPU
		{B387B5C0-1A43-4ADD-A7A2-1A057F2C9EFA}.Debug|x64.Deploy.0 = Debug|Any CPU
		{B387B5C0-1A43-4ADD-A7A2-1A057F2C9EFA}.Debug|x86.ActiveCfg = Debug|Any CPU
		{B387B5C0-1A43-4ADD-A7A2-1A057F2C9EFA}.Debug|x86.Build.0 = Debug|Any CPU
		{B387B5C0-1A43-4ADD-A7A2-1A057F2C9EFA}.Debug|x86.Deploy.0 = Debug|Any CPU
		{B387B5C0-1A43-4ADD-A7A2-1A057F2C9EFA}.Release|Any CPU.ActiveCfg = Release|Any CPU
		{B387B5C0-1A43-4ADD-A7A2-1A057F2C9EFA}.Release|Any CPU.Build.0 = Release|Any CPU
		{B387B5C0-1A43-4ADD-A7A2-1A057F2C9EFA}.Release|Any CPU.Deploy.0 = Release|Any CPU
		{B387B5C0-1A43-4ADD-A7A2-1A057F2C9EFA}.Release|ARM.ActiveCfg = Release|Any CPU
		{B387B5C0-1A43-4ADD-A7A2-1A057F2C9EFA}.Release|ARM.Build.0 = Release|Any CPU
		{B387B5C0-1A43-4ADD-A7A2-1A057F2C9EFA}.Release|ARM.Deploy.0 = Release|Any CPU
		{B387B5C0-1A43-4ADD-A7A2-1A057F2C9EFA}.Release|iPhone.ActiveCfg = Release|Any CPU
		{B387B5C0-1A43-4ADD-A7A2-1A057F2C9EFA}.Release|iPhone.Build.0 = Release|Any CPU
		{B387B5C0-1A43-4ADD-A7A2-1A057F2C9EFA}.Release|iPhone.Deploy.0 = Release|Any CPU
		{B387B5C0-1A43-4ADD-A7A2-1A057F2C9EFA}.Release|iPhoneSimulator.ActiveCfg = Release|Any CPU
		{B387B5C0-1A43-4ADD-A7A2-1A057F2C9EFA}.Release|iPhoneSimulator.Build.0 = Release|Any CPU
		{B387B5C0-1A43-4ADD-A7A2-1A057F2C9EFA}.Release|iPhoneSimulator.Deploy.0 = Release|Any CPU
		{B387B5C0-1A43-4ADD-A7A2-1A057F2C9EFA}.Release|x64.ActiveCfg = Release|Any CPU
		{B387B5C0-1A43-4ADD-A7A2-1A057F2C9EFA}.Release|x64.Build.0 = Release|Any CPU
		{B387B5C0-1A43-4ADD-A7A2-1A057F2C9EFA}.Release|x64.Deploy.0 = Release|Any CPU
		{B387B5C0-1A43-4ADD-A7A2-1A057F2C9EFA}.Release|x86.ActiveCfg = Release|Any CPU
		{B387B5C0-1A43-4ADD-A7A2-1A057F2C9EFA}.Release|x86.Build.0 = Release|Any CPU
		{B387B5C0-1A43-4ADD-A7A2-1A057F2C9EFA}.Release|x86.Deploy.0 = Release|Any CPU
		{A6D7A0A7-AB5E-4D0C-8C3D-29C5F95D388B}.Ad-Hoc|Any CPU.ActiveCfg = Ad-Hoc|iPhone
		{A6D7A0A7-AB5E-4D0C-8C3D-29C5F95D388B}.Ad-Hoc|ARM.ActiveCfg = Ad-Hoc|iPhone
		{A6D7A0A7-AB5E-4D0C-8C3D-29C5F95D388B}.Ad-Hoc|iPhone.ActiveCfg = Ad-Hoc|iPhone
		{A6D7A0A7-AB5E-4D0C-8C3D-29C5F95D388B}.Ad-Hoc|iPhone.Build.0 = Ad-Hoc|iPhone
		{A6D7A0A7-AB5E-4D0C-8C3D-29C5F95D388B}.Ad-Hoc|iPhoneSimulator.ActiveCfg = Ad-Hoc|iPhoneSimulator
		{A6D7A0A7-AB5E-4D0C-8C3D-29C5F95D388B}.Ad-Hoc|iPhoneSimulator.Build.0 = Ad-Hoc|iPhoneSimulator
		{A6D7A0A7-AB5E-4D0C-8C3D-29C5F95D388B}.Ad-Hoc|x64.ActiveCfg = Ad-Hoc|iPhone
		{A6D7A0A7-AB5E-4D0C-8C3D-29C5F95D388B}.Ad-Hoc|x86.ActiveCfg = Ad-Hoc|iPhone
		{A6D7A0A7-AB5E-4D0C-8C3D-29C5F95D388B}.AppStore|Any CPU.ActiveCfg = AppStore|iPhone
		{A6D7A0A7-AB5E-4D0C-8C3D-29C5F95D388B}.AppStore|ARM.ActiveCfg = AppStore|iPhone
		{A6D7A0A7-AB5E-4D0C-8C3D-29C5F95D388B}.AppStore|iPhone.ActiveCfg = AppStore|iPhone
		{A6D7A0A7-AB5E-4D0C-8C3D-29C5F95D388B}.AppStore|iPhone.Build.0 = AppStore|iPhone
		{A6D7A0A7-AB5E-4D0C-8C3D-29C5F95D388B}.AppStore|iPhoneSimulator.ActiveCfg = AppStore|iPhoneSimulator
		{A6D7A0A7-AB5E-4D0C-8C3D-29C5F95D388B}.AppStore|iPhoneSimulator.Build.0 = AppStore|iPhoneSimulator
		{A6D7A0A7-AB5E-4D0C-8C3D-29C5F95D388B}.AppStore|x64.ActiveCfg = AppStore|iPhone
		{A6D7A0A7-AB5E-4D0C-8C3D-29C5F95D388B}.AppStore|x86.ActiveCfg = AppStore|iPhone
		{A6D7A0A7-AB5E-4D0C-8C3D-29C5F95D388B}.Debug|Any CPU.ActiveCfg = Debug|iPhone
		{A6D7A0A7-AB5E-4D0C-8C3D-29C5F95D388B}.Debug|ARM.ActiveCfg = Debug|iPhone
		{A6D7A0A7-AB5E-4D0C-8C3D-29C5F95D388B}.Debug|iPhone.ActiveCfg = Debug|iPhone
		{A6D7A0A7-AB5E-4D0C-8C3D-29C5F95D388B}.Debug|iPhone.Build.0 = Debug|iPhone
		{A6D7A0A7-AB5E-4D0C-8C3D-29C5F95D388B}.Debug|iPhoneSimulator.ActiveCfg = Debug|iPhoneSimulator
		{A6D7A0A7-AB5E-4D0C-8C3D-29C5F95D388B}.Debug|iPhoneSimulator.Build.0 = Debug|iPhoneSimulator
		{A6D7A0A7-AB5E-4D0C-8C3D-29C5F95D388B}.Debug|x64.ActiveCfg = Debug|iPhone
		{A6D7A0A7-AB5E-4D0C-8C3D-29C5F95D388B}.Debug|x86.ActiveCfg = Debug|iPhone
		{A6D7A0A7-AB5E-4D0C-8C3D-29C5F95D388B}.Release|Any CPU.ActiveCfg = Release|iPhone
		{A6D7A0A7-AB5E-4D0C-8C3D-29C5F95D388B}.Release|ARM.ActiveCfg = Release|iPhone
		{A6D7A0A7-AB5E-4D0C-8C3D-29C5F95D388B}.Release|iPhone.ActiveCfg = Release|iPhone
		{A6D7A0A7-AB5E-4D0C-8C3D-29C5F95D388B}.Release|iPhone.Build.0 = Release|iPhone
		{A6D7A0A7-AB5E-4D0C-8C3D-29C5F95D388B}.Release|iPhoneSimulator.ActiveCfg = Release|iPhoneSimulator
		{A6D7A0A7-AB5E-4D0C-8C3D-29C5F95D388B}.Release|iPhoneSimulator.Build.0 = Release|iPhoneSimulator
		{A6D7A0A7-AB5E-4D0C-8C3D-29C5F95D388B}.Release|x64.ActiveCfg = Release|iPhone
		{A6D7A0A7-AB5E-4D0C-8C3D-29C5F95D388B}.Release|x86.ActiveCfg = Release|iPhone
		{2DE3F173-8627-4059-82BF-8705D990E32F}.Ad-Hoc|Any CPU.ActiveCfg = Release|x86
		{2DE3F173-8627-4059-82BF-8705D990E32F}.Ad-Hoc|Any CPU.Build.0 = Release|x86
		{2DE3F173-8627-4059-82BF-8705D990E32F}.Ad-Hoc|Any CPU.Deploy.0 = Release|x86
		{2DE3F173-8627-4059-82BF-8705D990E32F}.Ad-Hoc|ARM.ActiveCfg = Release|ARM
		{2DE3F173-8627-4059-82BF-8705D990E32F}.Ad-Hoc|ARM.Build.0 = Release|ARM
		{2DE3F173-8627-4059-82BF-8705D990E32F}.Ad-Hoc|ARM.Deploy.0 = Release|ARM
		{2DE3F173-8627-4059-82BF-8705D990E32F}.Ad-Hoc|iPhone.ActiveCfg = Release|x86
		{2DE3F173-8627-4059-82BF-8705D990E32F}.Ad-Hoc|iPhone.Build.0 = Release|x86
		{2DE3F173-8627-4059-82BF-8705D990E32F}.Ad-Hoc|iPhone.Deploy.0 = Release|x86
		{2DE3F173-8627-4059-82BF-8705D990E32F}.Ad-Hoc|iPhoneSimulator.ActiveCfg = Release|x86
		{2DE3F173-8627-4059-82BF-8705D990E32F}.Ad-Hoc|iPhoneSimulator.Build.0 = Release|x86
		{2DE3F173-8627-4059-82BF-8705D990E32F}.Ad-Hoc|iPhoneSimulator.Deploy.0 = Release|x86
		{2DE3F173-8627-4059-82BF-8705D990E32F}.Ad-Hoc|x64.ActiveCfg = Release|x64
		{2DE3F173-8627-4059-82BF-8705D990E32F}.Ad-Hoc|x64.Build.0 = Release|x64
		{2DE3F173-8627-4059-82BF-8705D990E32F}.Ad-Hoc|x64.Deploy.0 = Release|x64
		{2DE3F173-8627-4059-82BF-8705D990E32F}.Ad-Hoc|x86.ActiveCfg = Release|x86
		{2DE3F173-8627-4059-82BF-8705D990E32F}.Ad-Hoc|x86.Build.0 = Release|x86
		{2DE3F173-8627-4059-82BF-8705D990E32F}.Ad-Hoc|x86.Deploy.0 = Release|x86
		{2DE3F173-8627-4059-82BF-8705D990E32F}.AppStore|Any CPU.ActiveCfg = Release|x86
		{2DE3F173-8627-4059-82BF-8705D990E32F}.AppStore|Any CPU.Build.0 = Release|x86
		{2DE3F173-8627-4059-82BF-8705D990E32F}.AppStore|Any CPU.Deploy.0 = Release|x86
		{2DE3F173-8627-4059-82BF-8705D990E32F}.AppStore|ARM.ActiveCfg = Release|ARM
		{2DE3F173-8627-4059-82BF-8705D990E32F}.AppStore|ARM.Build.0 = Release|ARM
		{2DE3F173-8627-4059-82BF-8705D990E32F}.AppStore|ARM.Deploy.0 = Release|ARM
		{2DE3F173-8627-4059-82BF-8705D990E32F}.AppStore|iPhone.ActiveCfg = Release|x86
		{2DE3F173-8627-4059-82BF-8705D990E32F}.AppStore|iPhone.Build.0 = Release|x86
		{2DE3F173-8627-4059-82BF-8705D990E32F}.AppStore|iPhone.Deploy.0 = Release|x86
		{2DE3F173-8627-4059-82BF-8705D990E32F}.AppStore|iPhoneSimulator.ActiveCfg = Release|x86
		{2DE3F173-8627-4059-82BF-8705D990E32F}.AppStore|iPhoneSimulator.Build.0 = Release|x86
		{2DE3F173-8627-4059-82BF-8705D990E32F}.AppStore|iPhoneSimulator.Deploy.0 = Release|x86
		{2DE3F173-8627-4059-82BF-8705D990E32F}.AppStore|x64.ActiveCfg = Release|x64
		{2DE3F173-8627-4059-82BF-8705D990E32F}.AppStore|x64.Build.0 = Release|x64
		{2DE3F173-8627-4059-82BF-8705D990E32F}.AppStore|x64.Deploy.0 = Release|x64
		{2DE3F173-8627-4059-82BF-8705D990E32F}.AppStore|x86.ActiveCfg = Release|x86
		{2DE3F173-8627-4059-82BF-8705D990E32F}.AppStore|x86.Build.0 = Release|x86
		{2DE3F173-8627-4059-82BF-8705D990E32F}.AppStore|x86.Deploy.0 = Release|x86
		{2DE3F173-8627-4059-82BF-8705D990E32F}.Debug|Any CPU.ActiveCfg = Debug|x86
		{2DE3F173-8627-4059-82BF-8705D990E32F}.Debug|Any CPU.Build.0 = Debug|x86
		{2DE3F173-8627-4059-82BF-8705D990E32F}.Debug|Any CPU.Deploy.0 = Debug|x86
		{2DE3F173-8627-4059-82BF-8705D990E32F}.Debug|ARM.ActiveCfg = Debug|ARM
		{2DE3F173-8627-4059-82BF-8705D990E32F}.Debug|ARM.Build.0 = Debug|ARM
		{2DE3F173-8627-4059-82BF-8705D990E32F}.Debug|ARM.Deploy.0 = Debug|ARM
		{2DE3F173-8627-4059-82BF-8705D990E32F}.Debug|iPhone.ActiveCfg = Debug|x86
		{2DE3F173-8627-4059-82BF-8705D990E32F}.Debug|iPhoneSimulator.ActiveCfg = Debug|x86
		{2DE3F173-8627-4059-82BF-8705D990E32F}.Debug|x64.ActiveCfg = Debug|x64
		{2DE3F173-8627-4059-82BF-8705D990E32F}.Debug|x64.Build.0 = Debug|x64
		{2DE3F173-8627-4059-82BF-8705D990E32F}.Debug|x64.Deploy.0 = Debug|x64
		{2DE3F173-8627-4059-82BF-8705D990E32F}.Debug|x86.ActiveCfg = Debug|x86
		{2DE3F173-8627-4059-82BF-8705D990E32F}.Debug|x86.Build.0 = Debug|x86
		{2DE3F173-8627-4059-82BF-8705D990E32F}.Debug|x86.Deploy.0 = Debug|x86
		{2DE3F173-8627-4059-82BF-8705D990E32F}.Release|Any CPU.ActiveCfg = Release|x86
		{2DE3F173-8627-4059-82BF-8705D990E32F}.Release|Any CPU.Build.0 = Release|x86
		{2DE3F173-8627-4059-82BF-8705D990E32F}.Release|Any CPU.Deploy.0 = Release|x86
		{2DE3F173-8627-4059-82BF-8705D990E32F}.Release|ARM.ActiveCfg = Release|ARM
		{2DE3F173-8627-4059-82BF-8705D990E32F}.Release|ARM.Build.0 = Release|ARM
		{2DE3F173-8627-4059-82BF-8705D990E32F}.Release|ARM.Deploy.0 = Release|ARM
		{2DE3F173-8627-4059-82BF-8705D990E32F}.Release|iPhone.ActiveCfg = Release|x86
		{2DE3F173-8627-4059-82BF-8705D990E32F}.Release|iPhoneSimulator.ActiveCfg = Release|x86
		{2DE3F173-8627-4059-82BF-8705D990E32F}.Release|x64.ActiveCfg = Release|x64
		{2DE3F173-8627-4059-82BF-8705D990E32F}.Release|x64.Build.0 = Release|x64
		{2DE3F173-8627-4059-82BF-8705D990E32F}.Release|x64.Deploy.0 = Release|x64
		{2DE3F173-8627-4059-82BF-8705D990E32F}.Release|x86.ActiveCfg = Release|x86
		{2DE3F173-8627-4059-82BF-8705D990E32F}.Release|x86.Build.0 = Release|x86
		{2DE3F173-8627-4059-82BF-8705D990E32F}.Release|x86.Deploy.0 = Release|x86
		{E86390FE-2E13-4FEB-A460-111C2106AAB5}.Ad-Hoc|Any CPU.ActiveCfg = Release|Any CPU
		{E86390FE-2E13-4FEB-A460-111C2106AAB5}.Ad-Hoc|Any CPU.Build.0 = Release|Any CPU
		{E86390FE-2E13-4FEB-A460-111C2106AAB5}.Ad-Hoc|ARM.ActiveCfg = Release|Any CPU
		{E86390FE-2E13-4FEB-A460-111C2106AAB5}.Ad-Hoc|ARM.Build.0 = Release|Any CPU
		{E86390FE-2E13-4FEB-A460-111C2106AAB5}.Ad-Hoc|iPhone.ActiveCfg = Release|Any CPU
		{E86390FE-2E13-4FEB-A460-111C2106AAB5}.Ad-Hoc|iPhone.Build.0 = Release|Any CPU
		{E86390FE-2E13-4FEB-A460-111C2106AAB5}.Ad-Hoc|iPhoneSimulator.ActiveCfg = Release|Any CPU
		{E86390FE-2E13-4FEB-A460-111C2106AAB5}.Ad-Hoc|iPhoneSimulator.Build.0 = Release|Any CPU
		{E86390FE-2E13-4FEB-A460-111C2106AAB5}.Ad-Hoc|x64.ActiveCfg = Release|Any CPU
		{E86390FE-2E13-4FEB-A460-111C2106AAB5}.Ad-Hoc|x64.Build.0 = Release|Any CPU
		{E86390FE-2E13-4FEB-A460-111C2106AAB5}.Ad-Hoc|x86.ActiveCfg = Release|Any CPU
		{E86390FE-2E13-4FEB-A460-111C2106AAB5}.Ad-Hoc|x86.Build.0 = Release|Any CPU
		{E86390FE-2E13-4FEB-A460-111C2106AAB5}.AppStore|Any CPU.ActiveCfg = Release|Any CPU
		{E86390FE-2E13-4FEB-A460-111C2106AAB5}.AppStore|Any CPU.Build.0 = Release|Any CPU
		{E86390FE-2E13-4FEB-A460-111C2106AAB5}.AppStore|ARM.ActiveCfg = Release|Any CPU
		{E86390FE-2E13-4FEB-A460-111C2106AAB5}.AppStore|ARM.Build.0 = Release|Any CPU
		{E86390FE-2E13-4FEB-A460-111C2106AAB5}.AppStore|iPhone.ActiveCfg = Release|Any CPU
		{E86390FE-2E13-4FEB-A460-111C2106AAB5}.AppStore|iPhone.Build.0 = Release|Any CPU
		{E86390FE-2E13-4FEB-A460-111C2106AAB5}.AppStore|iPhoneSimulator.ActiveCfg = Release|Any CPU
		{E86390FE-2E13-4FEB-A460-111C2106AAB5}.AppStore|iPhoneSimulator.Build.0 = Release|Any CPU
		{E86390FE-2E13-4FEB-A460-111C2106AAB5}.AppStore|x64.ActiveCfg = Release|Any CPU
		{E86390FE-2E13-4FEB-A460-111C2106AAB5}.AppStore|x64.Build.0 = Release|Any CPU
		{E86390FE-2E13-4FEB-A460-111C2106AAB5}.AppStore|x86.ActiveCfg = Release|Any CPU
		{E86390FE-2E13-4FEB-A460-111C2106AAB5}.AppStore|x86.Build.0 = Release|Any CPU
		{E86390FE-2E13-4FEB-A460-111C2106AAB5}.Debug|Any CPU.ActiveCfg = Debug|Any CPU
		{E86390FE-2E13-4FEB-A460-111C2106AAB5}.Debug|Any CPU.Build.0 = Debug|Any CPU
		{E86390FE-2E13-4FEB-A460-111C2106AAB5}.Debug|ARM.ActiveCfg = Debug|Any CPU
		{E86390FE-2E13-4FEB-A460-111C2106AAB5}.Debug|ARM.Build.0 = Debug|Any CPU
		{E86390FE-2E13-4FEB-A460-111C2106AAB5}.Debug|iPhone.ActiveCfg = Debug|Any CPU
		{E86390FE-2E13-4FEB-A460-111C2106AAB5}.Debug|iPhone.Build.0 = Debug|Any CPU
		{E86390FE-2E13-4FEB-A460-111C2106AAB5}.Debug|iPhoneSimulator.ActiveCfg = Debug|Any CPU
		{E86390FE-2E13-4FEB-A460-111C2106AAB5}.Debug|iPhoneSimulator.Build.0 = Debug|Any CPU
		{E86390FE-2E13-4FEB-A460-111C2106AAB5}.Debug|x64.ActiveCfg = Debug|Any CPU
		{E86390FE-2E13-4FEB-A460-111C2106AAB5}.Debug|x64.Build.0 = Debug|Any CPU
		{E86390FE-2E13-4FEB-A460-111C2106AAB5}.Debug|x86.ActiveCfg = Debug|Any CPU
		{E86390FE-2E13-4FEB-A460-111C2106AAB5}.Debug|x86.Build.0 = Debug|Any CPU
		{E86390FE-2E13-4FEB-A460-111C2106AAB5}.Release|Any CPU.ActiveCfg = Release|Any CPU
		{E86390FE-2E13-4FEB-A460-111C2106AAB5}.Release|Any CPU.Build.0 = Release|Any CPU
		{E86390FE-2E13-4FEB-A460-111C2106AAB5}.Release|ARM.ActiveCfg = Release|Any CPU
		{E86390FE-2E13-4FEB-A460-111C2106AAB5}.Release|ARM.Build.0 = Release|Any CPU
		{E86390FE-2E13-4FEB-A460-111C2106AAB5}.Release|iPhone.ActiveCfg = Release|Any CPU
		{E86390FE-2E13-4FEB-A460-111C2106AAB5}.Release|iPhone.Build.0 = Release|Any CPU
		{E86390FE-2E13-4FEB-A460-111C2106AAB5}.Release|iPhoneSimulator.ActiveCfg = Release|Any CPU
		{E86390FE-2E13-4FEB-A460-111C2106AAB5}.Release|iPhoneSimulator.Build.0 = Release|Any CPU
		{E86390FE-2E13-4FEB-A460-111C2106AAB5}.Release|x64.ActiveCfg = Release|Any CPU
		{E86390FE-2E13-4FEB-A460-111C2106AAB5}.Release|x64.Build.0 = Release|Any CPU
		{E86390FE-2E13-4FEB-A460-111C2106AAB5}.Release|x86.ActiveCfg = Release|Any CPU
		{E86390FE-2E13-4FEB-A460-111C2106AAB5}.Release|x86.Build.0 = Release|Any CPU
	EndGlobalSection
	GlobalSection(SolutionProperties) = preSolution
		HideSolutionNode = FALSE
	EndGlobalSection
EndGlobal
